// !$*UTF8*$!
{
	archiveVersion = 1;
	classes = {
	};
	objectVersion = 46;
	objects = {

/* Begin PBXBuildFile section */
		DA32CDEC1BCF586B00E57204 /* Unchecked Checkbox-50.png in Resources */ = {isa = PBXBuildFile; fileRef = DA32CDEA1BCF586B00E57204 /* Unchecked Checkbox-50.png */; };
		DA32CDED1BCF586B00E57204 /* Checked Checkbox-50.png in Resources */ = {isa = PBXBuildFile; fileRef = DA32CDEB1BCF586B00E57204 /* Checked Checkbox-50.png */; };
		DA32CDF11BD3A65D00E57204 /* icon.png in Resources */ = {isa = PBXBuildFile; fileRef = DA32CDF01BD3A65D00E57204 /* icon.png */; };
		DA4573191C03424A003A4079 /* wlbackground11@2x.jpg in Resources */ = {isa = PBXBuildFile; fileRef = DA4573181C03424A003A4079 /* wlbackground11@2x.jpg */; };
		DA45731C1C034F78003A4079 /* Wundercon-Light.ttf in Resources */ = {isa = PBXBuildFile; fileRef = DA45731B1C034F78003A4079 /* Wundercon-Light.ttf */; };
		DA4944D61BC95AFD00BE534B /* QXCycleTableViewController.m in Sources */ = {isa = PBXBuildFile; fileRef = DA4944D51BC95AFD00BE534B /* QXCycleTableViewController.m */; };
		DA982FB91BDC01830002C4BE /* QXLeftSideTableViewController.m in Sources */ = {isa = PBXBuildFile; fileRef = DA982FB81BDC01830002C4BE /* QXLeftSideTableViewController.m */; };
		DA982FBD1BDDFF700002C4BE /* QXLeftSideTableViewCell.m in Sources */ = {isa = PBXBuildFile; fileRef = DA982FBB1BDDFF700002C4BE /* QXLeftSideTableViewCell.m */; };
		DA982FBE1BDDFF700002C4BE /* QXLeftSideTableViewCell.xib in Resources */ = {isa = PBXBuildFile; fileRef = DA982FBC1BDDFF700002C4BE /* QXLeftSideTableViewCell.xib */; };
		DA982FC31BDFB3130002C4BE /* items.plist in Resources */ = {isa = PBXBuildFile; fileRef = DA982FC21BDFB3130002C4BE /* items.plist */; };
		DA982FC51BE078670002C4BE /* List-50.png in Resources */ = {isa = PBXBuildFile; fileRef = DA982FC41BE078670002C4BE /* List-50.png */; };
		DA9977A81BC2B7FE003D0F39 /* main.m in Sources */ = {isa = PBXBuildFile; fileRef = DA9977A71BC2B7FE003D0F39 /* main.m */; };
		DA9977AB1BC2B7FE003D0F39 /* AppDelegate.m in Sources */ = {isa = PBXBuildFile; fileRef = DA9977AA1BC2B7FE003D0F39 /* AppDelegate.m */; };
		DA9977AE1BC2B7FE003D0F39 /* ViewController.m in Sources */ = {isa = PBXBuildFile; fileRef = DA9977AD1BC2B7FE003D0F39 /* ViewController.m */; };
		DA9977B11BC2B7FE003D0F39 /* Main.storyboard in Resources */ = {isa = PBXBuildFile; fileRef = DA9977AF1BC2B7FE003D0F39 /* Main.storyboard */; };
		DA9977B31BC2B7FE003D0F39 /* Assets.xcassets in Resources */ = {isa = PBXBuildFile; fileRef = DA9977B21BC2B7FE003D0F39 /* Assets.xcassets */; };
		DA9977B61BC2B7FE003D0F39 /* LaunchScreen.storyboard in Resources */ = {isa = PBXBuildFile; fileRef = DA9977B41BC2B7FE003D0F39 /* LaunchScreen.storyboard */; };
		DA9977C11BC2B7FE003D0F39 /* todoTests.m in Sources */ = {isa = PBXBuildFile; fileRef = DA9977C01BC2B7FE003D0F39 /* todoTests.m */; };
		DA9977CC1BC2B7FE003D0F39 /* todoUITests.m in Sources */ = {isa = PBXBuildFile; fileRef = DA9977CB1BC2B7FE003D0F39 /* todoUITests.m */; };
		DA9977DB1BC2B8C7003D0F39 /* QXItemTableViewController.m in Sources */ = {isa = PBXBuildFile; fileRef = DA9977DA1BC2B8C7003D0F39 /* QXItemTableViewController.m */; };
		DA9977DE1BC2C13D003D0F39 /* QXItem.m in Sources */ = {isa = PBXBuildFile; fileRef = DA9977DD1BC2C13D003D0F39 /* QXItem.m */; };
		DA9977E11BC36208003D0F39 /* QXItemStore.m in Sources */ = {isa = PBXBuildFile; fileRef = DA9977E01BC36208003D0F39 /* QXItemStore.m */; };
		DA9977EF1BC3A792003D0F39 /* QXDetailTableViewController.m in Sources */ = {isa = PBXBuildFile; fileRef = DA9977ED1BC3A792003D0F39 /* QXDetailTableViewController.m */; };
		DA9977F21BC52DCD003D0F39 /* Common.xib in Resources */ = {isa = PBXBuildFile; fileRef = DA9977F11BC52DCD003D0F39 /* Common.xib */; };
		DAD354F61BD3F8C8002E5AD4 /* back.png in Resources */ = {isa = PBXBuildFile; fileRef = DAD354F51BD3F8C8002E5AD4 /* back.png */; };
		DAD354FB1BD5DF1B002E5AD4 /* QXItemTableViewCell.m in Sources */ = {isa = PBXBuildFile; fileRef = DAD354F91BD5DF1B002E5AD4 /* QXItemTableViewCell.m */; };
		DAD354FC1BD5DF1B002E5AD4 /* QXItemTableViewCell.xib in Resources */ = {isa = PBXBuildFile; fileRef = DAD354FA1BD5DF1B002E5AD4 /* QXItemTableViewCell.xib */; };
		DAD354FF1BD63FB1002E5AD4 /* global_tab_edit@2x.png in Resources */ = {isa = PBXBuildFile; fileRef = DAD354FD1BD63FB1002E5AD4 /* global_tab_edit@2x.png */; };
		DAD355001BD63FB1002E5AD4 /* global_tab_edit@3x.png in Resources */ = {isa = PBXBuildFile; fileRef = DAD354FE1BD63FB1002E5AD4 /* global_tab_edit@3x.png */; };
		DAD355031BD64E36002E5AD4 /* QXSetTableViewController.m in Sources */ = {isa = PBXBuildFile; fileRef = DAD355021BD64E36002E5AD4 /* QXSetTableViewController.m */; };
		DAD355071BD75B74002E5AD4 /* uncheck.png in Resources */ = {isa = PBXBuildFile; fileRef = DAD355061BD75B74002E5AD4 /* uncheck.png */; };
		DAD355091BD75F6F002E5AD4 /* check.png in Resources */ = {isa = PBXBuildFile; fileRef = DAD355081BD75F6F002E5AD4 /* check.png */; };
		DAD3550D1BD78E7B002E5AD4 /* delete.png in Resources */ = {isa = PBXBuildFile; fileRef = DAD3550A1BD78E7B002E5AD4 /* delete.png */; };
		DAD3550E1BD78E7B002E5AD4 /* delete@2x.png in Resources */ = {isa = PBXBuildFile; fileRef = DAD3550B1BD78E7B002E5AD4 /* delete@2x.png */; };
		DAD3550F1BD78E7B002E5AD4 /* delete@3x.png in Resources */ = {isa = PBXBuildFile; fileRef = DAD3550C1BD78E7B002E5AD4 /* delete@3x.png */; };
		DAE99B901BD9D87800538062 /* Settings-50.png in Resources */ = {isa = PBXBuildFile; fileRef = DAE99B8F1BD9D87800538062 /* Settings-50.png */; };
		DAF6F8611C16832F0088FC50 /* utils.m in Sources */ = {isa = PBXBuildFile; fileRef = DAF6F8601C16832F0088FC50 /* utils.m */; };
		DAFF64791C10979300296463 /* logger.m in Sources */ = {isa = PBXBuildFile; fileRef = DAFF64781C10979300296463 /* logger.m */; };
		E4348657EF2CB5D169D8FC4B /* libPods.a in Frameworks */ = {isa = PBXBuildFile; fileRef = 854A695E6794B3A88DA98A64 /* libPods.a */; };
/* End PBXBuildFile section */

/* Begin PBXContainerItemProxy section */
		DA9977BD1BC2B7FE003D0F39 /* PBXContainerItemProxy */ = {
			isa = PBXContainerItemProxy;
			containerPortal = DA99779B1BC2B7FE003D0F39 /* Project object */;
			proxyType = 1;
			remoteGlobalIDString = DA9977A21BC2B7FE003D0F39;
			remoteInfo = todo;
		};
		DA9977C81BC2B7FE003D0F39 /* PBXContainerItemProxy */ = {
			isa = PBXContainerItemProxy;
			containerPortal = DA99779B1BC2B7FE003D0F39 /* Project object */;
			proxyType = 1;
			remoteGlobalIDString = DA9977A21BC2B7FE003D0F39;
			remoteInfo = todo;
		};
/* End PBXContainerItemProxy section */

/* Begin PBXFileReference section */
		694061F9CF0916A2D7F283D1 /* Pods.release.xcconfig */ = {isa = PBXFileReference; includeInIndex = 1; lastKnownFileType = text.xcconfig; name = Pods.release.xcconfig; path = "Pods/Target Support Files/Pods/Pods.release.xcconfig"; sourceTree = "<group>"; };
		854A695E6794B3A88DA98A64 /* libPods.a */ = {isa = PBXFileReference; explicitFileType = archive.ar; includeInIndex = 0; path = libPods.a; sourceTree = BUILT_PRODUCTS_DIR; };
		BB0C438A05EB8639AA12998E /* Pods.debug.xcconfig */ = {isa = PBXFileReference; includeInIndex = 1; lastKnownFileType = text.xcconfig; name = Pods.debug.xcconfig; path = "Pods/Target Support Files/Pods/Pods.debug.xcconfig"; sourceTree = "<group>"; };
		DA32CDEA1BCF586B00E57204 /* Unchecked Checkbox-50.png */ = {isa = PBXFileReference; lastKnownFileType = image.png; path = "Unchecked Checkbox-50.png"; sourceTree = "<group>"; };
		DA32CDEB1BCF586B00E57204 /* Checked Checkbox-50.png */ = {isa = PBXFileReference; lastKnownFileType = image.png; path = "Checked Checkbox-50.png"; sourceTree = "<group>"; };
		DA32CDF01BD3A65D00E57204 /* icon.png */ = {isa = PBXFileReference; lastKnownFileType = image.png; path = icon.png; sourceTree = "<group>"; };
		DA4573181C03424A003A4079 /* wlbackground11@2x.jpg */ = {isa = PBXFileReference; lastKnownFileType = image.jpeg; path = "wlbackground11@2x.jpg"; sourceTree = "<group>"; };
		DA45731B1C034F78003A4079 /* Wundercon-Light.ttf */ = {isa = PBXFileReference; lastKnownFileType = file; path = "Wundercon-Light.ttf"; sourceTree = "<group>"; };
		DA4944D41BC95AFD00BE534B /* QXCycleTableViewController.h */ = {isa = PBXFileReference; fileEncoding = 4; lastKnownFileType = sourcecode.c.h; path = QXCycleTableViewController.h; sourceTree = "<group>"; };
		DA4944D51BC95AFD00BE534B /* QXCycleTableViewController.m */ = {isa = PBXFileReference; fileEncoding = 4; lastKnownFileType = sourcecode.c.objc; path = QXCycleTableViewController.m; sourceTree = "<group>"; };
		DA982FB71BDC01830002C4BE /* QXLeftSideTableViewController.h */ = {isa = PBXFileReference; fileEncoding = 4; lastKnownFileType = sourcecode.c.h; path = QXLeftSideTableViewController.h; sourceTree = "<group>"; };
		DA982FB81BDC01830002C4BE /* QXLeftSideTableViewController.m */ = {isa = PBXFileReference; fileEncoding = 4; lastKnownFileType = sourcecode.c.objc; path = QXLeftSideTableViewController.m; sourceTree = "<group>"; };
		DA982FBA1BDDFF700002C4BE /* QXLeftSideTableViewCell.h */ = {isa = PBXFileReference; fileEncoding = 4; lastKnownFileType = sourcecode.c.h; path = QXLeftSideTableViewCell.h; sourceTree = "<group>"; };
		DA982FBB1BDDFF700002C4BE /* QXLeftSideTableViewCell.m */ = {isa = PBXFileReference; fileEncoding = 4; lastKnownFileType = sourcecode.c.objc; path = QXLeftSideTableViewCell.m; sourceTree = "<group>"; };
		DA982FBC1BDDFF700002C4BE /* QXLeftSideTableViewCell.xib */ = {isa = PBXFileReference; fileEncoding = 4; lastKnownFileType = file.xib; path = QXLeftSideTableViewCell.xib; sourceTree = "<group>"; };
		DA982FC21BDFB3130002C4BE /* items.plist */ = {isa = PBXFileReference; fileEncoding = 4; lastKnownFileType = text.plist.xml; path = items.plist; sourceTree = "<group>"; };
		DA982FC41BE078670002C4BE /* List-50.png */ = {isa = PBXFileReference; lastKnownFileType = image.png; path = "List-50.png"; sourceTree = "<group>"; };
		DA9977A31BC2B7FE003D0F39 /* todo.app */ = {isa = PBXFileReference; explicitFileType = wrapper.application; includeInIndex = 0; path = todo.app; sourceTree = BUILT_PRODUCTS_DIR; };
		DA9977A71BC2B7FE003D0F39 /* main.m */ = {isa = PBXFileReference; lastKnownFileType = sourcecode.c.objc; path = main.m; sourceTree = "<group>"; };
		DA9977A91BC2B7FE003D0F39 /* AppDelegate.h */ = {isa = PBXFileReference; lastKnownFileType = sourcecode.c.h; path = AppDelegate.h; sourceTree = "<group>"; };
		DA9977AA1BC2B7FE003D0F39 /* AppDelegate.m */ = {isa = PBXFileReference; lastKnownFileType = sourcecode.c.objc; path = AppDelegate.m; sourceTree = "<group>"; };
		DA9977AC1BC2B7FE003D0F39 /* ViewController.h */ = {isa = PBXFileReference; lastKnownFileType = sourcecode.c.h; path = ViewController.h; sourceTree = "<group>"; };
		DA9977AD1BC2B7FE003D0F39 /* ViewController.m */ = {isa = PBXFileReference; lastKnownFileType = sourcecode.c.objc; path = ViewController.m; sourceTree = "<group>"; };
		DA9977B01BC2B7FE003D0F39 /* Base */ = {isa = PBXFileReference; lastKnownFileType = file.storyboard; name = Base; path = Base.lproj/Main.storyboard; sourceTree = "<group>"; };
		DA9977B21BC2B7FE003D0F39 /* Assets.xcassets */ = {isa = PBXFileReference; lastKnownFileType = folder.assetcatalog; path = Assets.xcassets; sourceTree = "<group>"; };
		DA9977B51BC2B7FE003D0F39 /* Base */ = {isa = PBXFileReference; lastKnownFileType = file.storyboard; name = Base; path = Base.lproj/LaunchScreen.storyboard; sourceTree = "<group>"; };
		DA9977B71BC2B7FE003D0F39 /* Info.plist */ = {isa = PBXFileReference; lastKnownFileType = text.plist.xml; path = Info.plist; sourceTree = "<group>"; };
		DA9977BC1BC2B7FE003D0F39 /* todoTests.xctest */ = {isa = PBXFileReference; explicitFileType = wrapper.cfbundle; includeInIndex = 0; path = todoTests.xctest; sourceTree = BUILT_PRODUCTS_DIR; };
		DA9977C01BC2B7FE003D0F39 /* todoTests.m */ = {isa = PBXFileReference; lastKnownFileType = sourcecode.c.objc; path = todoTests.m; sourceTree = "<group>"; };
		DA9977C21BC2B7FE003D0F39 /* Info.plist */ = {isa = PBXFileReference; lastKnownFileType = text.plist.xml; path = Info.plist; sourceTree = "<group>"; };
		DA9977C71BC2B7FE003D0F39 /* todoUITests.xctest */ = {isa = PBXFileReference; explicitFileType = wrapper.cfbundle; includeInIndex = 0; path = todoUITests.xctest; sourceTree = BUILT_PRODUCTS_DIR; };
		DA9977CB1BC2B7FE003D0F39 /* todoUITests.m */ = {isa = PBXFileReference; lastKnownFileType = sourcecode.c.objc; path = todoUITests.m; sourceTree = "<group>"; };
		DA9977CD1BC2B7FE003D0F39 /* Info.plist */ = {isa = PBXFileReference; lastKnownFileType = text.plist.xml; path = Info.plist; sourceTree = "<group>"; };
		DA9977D91BC2B8C7003D0F39 /* QXItemTableViewController.h */ = {isa = PBXFileReference; fileEncoding = 4; lastKnownFileType = sourcecode.c.h; path = QXItemTableViewController.h; sourceTree = "<group>"; };
		DA9977DA1BC2B8C7003D0F39 /* QXItemTableViewController.m */ = {isa = PBXFileReference; fileEncoding = 4; lastKnownFileType = sourcecode.c.objc; path = QXItemTableViewController.m; sourceTree = "<group>"; };
		DA9977DC1BC2C13D003D0F39 /* QXItem.h */ = {isa = PBXFileReference; fileEncoding = 4; lastKnownFileType = sourcecode.c.h; path = QXItem.h; sourceTree = "<group>"; };
		DA9977DD1BC2C13D003D0F39 /* QXItem.m */ = {isa = PBXFileReference; fileEncoding = 4; lastKnownFileType = sourcecode.c.objc; path = QXItem.m; sourceTree = "<group>"; };
		DA9977DF1BC36208003D0F39 /* QXItemStore.h */ = {isa = PBXFileReference; fileEncoding = 4; lastKnownFileType = sourcecode.c.h; path = QXItemStore.h; sourceTree = "<group>"; };
		DA9977E01BC36208003D0F39 /* QXItemStore.m */ = {isa = PBXFileReference; fileEncoding = 4; lastKnownFileType = sourcecode.c.objc; path = QXItemStore.m; sourceTree = "<group>"; };
		DA9977EC1BC3A792003D0F39 /* QXDetailTableViewController.h */ = {isa = PBXFileReference; fileEncoding = 4; lastKnownFileType = sourcecode.c.h; path = QXDetailTableViewController.h; sourceTree = "<group>"; };
		DA9977ED1BC3A792003D0F39 /* QXDetailTableViewController.m */ = {isa = PBXFileReference; fileEncoding = 4; lastKnownFileType = sourcecode.c.objc; path = QXDetailTableViewController.m; sourceTree = "<group>"; };
		DA9977F11BC52DCD003D0F39 /* Common.xib */ = {isa = PBXFileReference; fileEncoding = 4; lastKnownFileType = file.xib; path = Common.xib; sourceTree = "<group>"; };
		DAD354F51BD3F8C8002E5AD4 /* back.png */ = {isa = PBXFileReference; lastKnownFileType = image.png; path = back.png; sourceTree = "<group>"; };
		DAD354F71BD4C2BB002E5AD4 /* common.h */ = {isa = PBXFileReference; lastKnownFileType = sourcecode.c.h; path = common.h; sourceTree = "<group>"; };
		DAD354F81BD5DF1B002E5AD4 /* QXItemTableViewCell.h */ = {isa = PBXFileReference; fileEncoding = 4; lastKnownFileType = sourcecode.c.h; path = QXItemTableViewCell.h; sourceTree = "<group>"; };
		DAD354F91BD5DF1B002E5AD4 /* QXItemTableViewCell.m */ = {isa = PBXFileReference; fileEncoding = 4; lastKnownFileType = sourcecode.c.objc; path = QXItemTableViewCell.m; sourceTree = "<group>"; };
		DAD354FA1BD5DF1B002E5AD4 /* QXItemTableViewCell.xib */ = {isa = PBXFileReference; fileEncoding = 4; lastKnownFileType = file.xib; path = QXItemTableViewCell.xib; sourceTree = "<group>"; };
		DAD354FD1BD63FB1002E5AD4 /* global_tab_edit@2x.png */ = {isa = PBXFileReference; lastKnownFileType = image.png; path = "global_tab_edit@2x.png"; sourceTree = "<group>"; };
		DAD354FE1BD63FB1002E5AD4 /* global_tab_edit@3x.png */ = {isa = PBXFileReference; lastKnownFileType = image.png; path = "global_tab_edit@3x.png"; sourceTree = "<group>"; };
		DAD355011BD64E36002E5AD4 /* QXSetTableViewController.h */ = {isa = PBXFileReference; fileEncoding = 4; lastKnownFileType = sourcecode.c.h; path = QXSetTableViewController.h; sourceTree = "<group>"; };
		DAD355021BD64E36002E5AD4 /* QXSetTableViewController.m */ = {isa = PBXFileReference; fileEncoding = 4; lastKnownFileType = sourcecode.c.objc; path = QXSetTableViewController.m; sourceTree = "<group>"; };
		DAD355061BD75B74002E5AD4 /* uncheck.png */ = {isa = PBXFileReference; lastKnownFileType = image.png; path = uncheck.png; sourceTree = "<group>"; };
		DAD355081BD75F6F002E5AD4 /* check.png */ = {isa = PBXFileReference; lastKnownFileType = image.png; path = check.png; sourceTree = "<group>"; };
		DAD3550A1BD78E7B002E5AD4 /* delete.png */ = {isa = PBXFileReference; lastKnownFileType = image.png; path = delete.png; sourceTree = "<group>"; };
		DAD3550B1BD78E7B002E5AD4 /* delete@2x.png */ = {isa = PBXFileReference; lastKnownFileType = image.png; path = "delete@2x.png"; sourceTree = "<group>"; };
		DAD3550C1BD78E7B002E5AD4 /* delete@3x.png */ = {isa = PBXFileReference; lastKnownFileType = image.png; path = "delete@3x.png"; sourceTree = "<group>"; };
		DAE99B8F1BD9D87800538062 /* Settings-50.png */ = {isa = PBXFileReference; lastKnownFileType = image.png; path = "Settings-50.png"; sourceTree = "<group>"; };
		DAF6F85F1C16831D0088FC50 /* utils.h */ = {isa = PBXFileReference; lastKnownFileType = sourcecode.c.h; path = utils.h; sourceTree = "<group>"; };
		DAF6F8601C16832F0088FC50 /* utils.m */ = {isa = PBXFileReference; fileEncoding = 4; lastKnownFileType = sourcecode.c.objc; path = utils.m; sourceTree = "<group>"; };
		DAFF64771C10972A00296463 /* logger.h */ = {isa = PBXFileReference; lastKnownFileType = sourcecode.c.h; path = logger.h; sourceTree = "<group>"; };
		DAFF64781C10979300296463 /* logger.m */ = {isa = PBXFileReference; fileEncoding = 4; lastKnownFileType = sourcecode.c.objc; path = logger.m; sourceTree = "<group>"; };
/* End PBXFileReference section */

/* Begin PBXFrameworksBuildPhase section */
		DA9977A01BC2B7FE003D0F39 /* Frameworks */ = {
			isa = PBXFrameworksBuildPhase;
			buildActionMask = 2147483647;
			files = (
				E4348657EF2CB5D169D8FC4B /* libPods.a in Frameworks */,
			);
			runOnlyForDeploymentPostprocessing = 0;
		};
		DA9977B91BC2B7FE003D0F39 /* Frameworks */ = {
			isa = PBXFrameworksBuildPhase;
			buildActionMask = 2147483647;
			files = (
			);
			runOnlyForDeploymentPostprocessing = 0;
		};
		DA9977C41BC2B7FE003D0F39 /* Frameworks */ = {
			isa = PBXFrameworksBuildPhase;
			buildActionMask = 2147483647;
			files = (
			);
			runOnlyForDeploymentPostprocessing = 0;
		};
/* End PBXFrameworksBuildPhase section */

/* Begin PBXGroup section */
		5C6C2951C9299E7BDFD55704 /* Pods */ = {
			isa = PBXGroup;
			children = (
				BB0C438A05EB8639AA12998E /* Pods.debug.xcconfig */,
				694061F9CF0916A2D7F283D1 /* Pods.release.xcconfig */,
			);
			name = Pods;
			sourceTree = "<group>";
		};
		863B93502E422D5FB81F857F /* Frameworks */ = {
			isa = PBXGroup;
			children = (
				854A695E6794B3A88DA98A64 /* libPods.a */,
			);
			name = Frameworks;
			sourceTree = "<group>";
		};
		DA4944DC1BCA553000BE534B /* Resource */ = {
			isa = PBXGroup;
			children = (
				DAD354FD1BD63FB1002E5AD4 /* global_tab_edit@2x.png */,
				DAE99B8F1BD9D87800538062 /* Settings-50.png */,
				DA982FC41BE078670002C4BE /* List-50.png */,
				DAD355081BD75F6F002E5AD4 /* check.png */,
				DAD354FE1BD63FB1002E5AD4 /* global_tab_edit@3x.png */,
				DA32CDF01BD3A65D00E57204 /* icon.png */,
				DA4573181C03424A003A4079 /* wlbackground11@2x.jpg */,
				DAD354F51BD3F8C8002E5AD4 /* back.png */,
				DAD355061BD75B74002E5AD4 /* uncheck.png */,
				DAD3550A1BD78E7B002E5AD4 /* delete.png */,
				DAD3550B1BD78E7B002E5AD4 /* delete@2x.png */,
				DAD3550C1BD78E7B002E5AD4 /* delete@3x.png */,
				DA32CDEA1BCF586B00E57204 /* Unchecked Checkbox-50.png */,
				DA32CDEB1BCF586B00E57204 /* Checked Checkbox-50.png */,
			);
			path = Resource;
			sourceTree = "<group>";
		};
		DA99779A1BC2B7FE003D0F39 = {
			isa = PBXGroup;
			children = (
				DA9977A51BC2B7FE003D0F39 /* todo */,
				DA9977BF1BC2B7FE003D0F39 /* todoTests */,
				DA9977CA1BC2B7FE003D0F39 /* todoUITests */,
				DA9977A41BC2B7FE003D0F39 /* Products */,
				5C6C2951C9299E7BDFD55704 /* Pods */,
				863B93502E422D5FB81F857F /* Frameworks */,
			);
			sourceTree = "<group>";
		};
		DA9977A41BC2B7FE003D0F39 /* Products */ = {
			isa = PBXGroup;
			children = (
				DA9977A31BC2B7FE003D0F39 /* todo.app */,
				DA9977BC1BC2B7FE003D0F39 /* todoTests.xctest */,
				DA9977C71BC2B7FE003D0F39 /* todoUITests.xctest */,
			);
			name = Products;
			sourceTree = "<group>";
		};
		DA9977A51BC2B7FE003D0F39 /* todo */ = {
			isa = PBXGroup;
			children = (
				DA9977A91BC2B7FE003D0F39 /* AppDelegate.h */,
				DA9977AA1BC2B7FE003D0F39 /* AppDelegate.m */,
				DA9977AC1BC2B7FE003D0F39 /* ViewController.h */,
				DA9977AD1BC2B7FE003D0F39 /* ViewController.m */,
				DAD354F81BD5DF1B002E5AD4 /* QXItemTableViewCell.h */,
				DAD354F91BD5DF1B002E5AD4 /* QXItemTableViewCell.m */,
				DAD354FA1BD5DF1B002E5AD4 /* QXItemTableViewCell.xib */,
				DA9977D91BC2B8C7003D0F39 /* QXItemTableViewController.h */,
				DA9977DA1BC2B8C7003D0F39 /* QXItemTableViewController.m */,
				DA9977EC1BC3A792003D0F39 /* QXDetailTableViewController.h */,
				DA9977ED1BC3A792003D0F39 /* QXDetailTableViewController.m */,
				DA4944D41BC95AFD00BE534B /* QXCycleTableViewController.h */,
				DA4944D51BC95AFD00BE534B /* QXCycleTableViewController.m */,
				DAD355011BD64E36002E5AD4 /* QXSetTableViewController.h */,
				DAD355021BD64E36002E5AD4 /* QXSetTableViewController.m */,
				DA982FB71BDC01830002C4BE /* QXLeftSideTableViewController.h */,
				DA982FB81BDC01830002C4BE /* QXLeftSideTableViewController.m */,
				DA982FBA1BDDFF700002C4BE /* QXLeftSideTableViewCell.h */,
				DA982FBB1BDDFF700002C4BE /* QXLeftSideTableViewCell.m */,
				DA982FBC1BDDFF700002C4BE /* QXLeftSideTableViewCell.xib */,
				DA9977F11BC52DCD003D0F39 /* Common.xib */,
				DA9977DC1BC2C13D003D0F39 /* QXItem.h */,
				DA9977DD1BC2C13D003D0F39 /* QXItem.m */,
				DA9977DF1BC36208003D0F39 /* QXItemStore.h */,
				DA9977E01BC36208003D0F39 /* QXItemStore.m */,
				DAD354F71BD4C2BB002E5AD4 /* common.h */,
				DA982FC21BDFB3130002C4BE /* items.plist */,
				DA9977AF1BC2B7FE003D0F39 /* Main.storyboard */,
				DA9977B21BC2B7FE003D0F39 /* Assets.xcassets */,
				DA9977B41BC2B7FE003D0F39 /* LaunchScreen.storyboard */,
				DA9977B71BC2B7FE003D0F39 /* Info.plist */,
				DA9977A61BC2B7FE003D0F39 /* Supporting Files */,
				DAFF64771C10972A00296463 /* logger.h */,
				DAFF64781C10979300296463 /* logger.m */,
				DAF6F85F1C16831D0088FC50 /* utils.h */,
				DAF6F8601C16832F0088FC50 /* utils.m */,
			);
			path = todo;
			sourceTree = "<group>";
		};
		DA9977A61BC2B7FE003D0F39 /* Supporting Files */ = {
			isa = PBXGroup;
			children = (
				DA45731B1C034F78003A4079 /* Wundercon-Light.ttf */,
				DA4944DC1BCA553000BE534B /* Resource */,
				DA9977A71BC2B7FE003D0F39 /* main.m */,
			);
			name = "Supporting Files";
			sourceTree = "<group>";
		};
		DA9977BF1BC2B7FE003D0F39 /* todoTests */ = {
			isa = PBXGroup;
			children = (
				DA9977C01BC2B7FE003D0F39 /* todoTests.m */,
				DA9977C21BC2B7FE003D0F39 /* Info.plist */,
			);
			path = todoTests;
			sourceTree = "<group>";
		};
		DA9977CA1BC2B7FE003D0F39 /* todoUITests */ = {
			isa = PBXGroup;
			children = (
				DA9977CB1BC2B7FE003D0F39 /* todoUITests.m */,
				DA9977CD1BC2B7FE003D0F39 /* Info.plist */,
			);
			path = todoUITests;
			sourceTree = "<group>";
		};
/* End PBXGroup section */

/* Begin PBXNativeTarget section */
		DA9977A21BC2B7FE003D0F39 /* todo */ = {
			isa = PBXNativeTarget;
			buildConfigurationList = DA9977D01BC2B7FE003D0F39 /* Build configuration list for PBXNativeTarget "todo" */;
			buildPhases = (
				18A2387DB148F27E55A2A72E /* Check Pods Manifest.lock */,
				DA99779F1BC2B7FE003D0F39 /* Sources */,
				DA9977A01BC2B7FE003D0F39 /* Frameworks */,
				DA9977A11BC2B7FE003D0F39 /* Resources */,
				AEDFF687DE90880EF0FD1B15 /* Embed Pods Frameworks */,
				4F5E7B46CB5C2254277F9FDD /* Copy Pods Resources */,
			);
			buildRules = (
			);
			dependencies = (
			);
			name = todo;
			productName = todo;
			productReference = DA9977A31BC2B7FE003D0F39 /* todo.app */;
			productType = "com.apple.product-type.application";
		};
		DA9977BB1BC2B7FE003D0F39 /* todoTests */ = {
			isa = PBXNativeTarget;
			buildConfigurationList = DA9977D31BC2B7FE003D0F39 /* Build configuration list for PBXNativeTarget "todoTests" */;
			buildPhases = (
				DA9977B81BC2B7FE003D0F39 /* Sources */,
				DA9977B91BC2B7FE003D0F39 /* Frameworks */,
				DA9977BA1BC2B7FE003D0F39 /* Resources */,
			);
			buildRules = (
			);
			dependencies = (
				DA9977BE1BC2B7FE003D0F39 /* PBXTargetDependency */,
			);
			name = todoTests;
			productName = todoTests;
			productReference = DA9977BC1BC2B7FE003D0F39 /* todoTests.xctest */;
			productType = "com.apple.product-type.bundle.unit-test";
		};
		DA9977C61BC2B7FE003D0F39 /* todoUITests */ = {
			isa = PBXNativeTarget;
			buildConfigurationList = DA9977D61BC2B7FE003D0F39 /* Build configuration list for PBXNativeTarget "todoUITests" */;
			buildPhases = (
				DA9977C31BC2B7FE003D0F39 /* Sources */,
				DA9977C41BC2B7FE003D0F39 /* Frameworks */,
				DA9977C51BC2B7FE003D0F39 /* Resources */,
			);
			buildRules = (
			);
			dependencies = (
				DA9977C91BC2B7FE003D0F39 /* PBXTargetDependency */,
			);
			name = todoUITests;
			productName = todoUITests;
			productReference = DA9977C71BC2B7FE003D0F39 /* todoUITests.xctest */;
			productType = "com.apple.product-type.bundle.ui-testing";
		};
/* End PBXNativeTarget section */

/* Begin PBXProject section */
		DA99779B1BC2B7FE003D0F39 /* Project object */ = {
			isa = PBXProject;
			attributes = {
				LastUpgradeCheck = 0700;
				ORGANIZATIONNAME = qxli;
				TargetAttributes = {
					DA9977A21BC2B7FE003D0F39 = {
						CreatedOnToolsVersion = 7.0.1;
						DevelopmentTeam = DVUJV785UG;
					};
					DA9977BB1BC2B7FE003D0F39 = {
						CreatedOnToolsVersion = 7.0.1;
						TestTargetID = DA9977A21BC2B7FE003D0F39;
					};
					DA9977C61BC2B7FE003D0F39 = {
						CreatedOnToolsVersion = 7.0.1;
						TestTargetID = DA9977A21BC2B7FE003D0F39;
					};
				};
			};
			buildConfigurationList = DA99779E1BC2B7FE003D0F39 /* Build configuration list for PBXProject "todo" */;
			compatibilityVersion = "Xcode 3.2";
			developmentRegion = English;
			hasScannedForEncodings = 0;
			knownRegions = (
				en,
				Base,
			);
			mainGroup = DA99779A1BC2B7FE003D0F39;
			productRefGroup = DA9977A41BC2B7FE003D0F39 /* Products */;
			projectDirPath = "";
			projectRoot = "";
			targets = (
				DA9977A21BC2B7FE003D0F39 /* todo */,
				DA9977BB1BC2B7FE003D0F39 /* todoTests */,
				DA9977C61BC2B7FE003D0F39 /* todoUITests */,
			);
		};
/* End PBXProject section */

/* Begin PBXResourcesBuildPhase section */
		DA9977A11BC2B7FE003D0F39 /* Resources */ = {
			isa = PBXResourcesBuildPhase;
			buildActionMask = 2147483647;
			files = (
				DAD355071BD75B74002E5AD4 /* uncheck.png in Resources */,
				DAD3550E1BD78E7B002E5AD4 /* delete@2x.png in Resources */,
				DA32CDEC1BCF586B00E57204 /* Unchecked Checkbox-50.png in Resources */,
				DAD355091BD75F6F002E5AD4 /* check.png in Resources */,
				DA982FC51BE078670002C4BE /* List-50.png in Resources */,
				DA32CDED1BCF586B00E57204 /* Checked Checkbox-50.png in Resources */,
				DAD3550D1BD78E7B002E5AD4 /* delete.png in Resources */,
				DA982FC31BDFB3130002C4BE /* items.plist in Resources */,
				DA9977F21BC52DCD003D0F39 /* Common.xib in Resources */,
				DA45731C1C034F78003A4079 /* Wundercon-Light.ttf in Resources */,
				DA9977B61BC2B7FE003D0F39 /* LaunchScreen.storyboard in Resources */,
				DAE99B901BD9D87800538062 /* Settings-50.png in Resources */,
				DAD354F61BD3F8C8002E5AD4 /* back.png in Resources */,
				DAD354FC1BD5DF1B002E5AD4 /* QXItemTableViewCell.xib in Resources */,
				DAD355001BD63FB1002E5AD4 /* global_tab_edit@3x.png in Resources */,
				DA32CDF11BD3A65D00E57204 /* icon.png in Resources */,
				DA4573191C03424A003A4079 /* wlbackground11@2x.jpg in Resources */,
				DAD354FF1BD63FB1002E5AD4 /* global_tab_edit@2x.png in Resources */,
				DA982FBE1BDDFF700002C4BE /* QXLeftSideTableViewCell.xib in Resources */,
				DA9977B31BC2B7FE003D0F39 /* Assets.xcassets in Resources */,
				DAD3550F1BD78E7B002E5AD4 /* delete@3x.png in Resources */,
				DA9977B11BC2B7FE003D0F39 /* Main.storyboard in Resources */,
			);
			runOnlyForDeploymentPostprocessing = 0;
		};
		DA9977BA1BC2B7FE003D0F39 /* Resources */ = {
			isa = PBXResourcesBuildPhase;
			buildActionMask = 2147483647;
			files = (
			);
			runOnlyForDeploymentPostprocessing = 0;
		};
		DA9977C51BC2B7FE003D0F39 /* Resources */ = {
			isa = PBXResourcesBuildPhase;
			buildActionMask = 2147483647;
			files = (
			);
			runOnlyForDeploymentPostprocessing = 0;
		};
/* End PBXResourcesBuildPhase section */

/* Begin PBXShellScriptBuildPhase section */
		18A2387DB148F27E55A2A72E /* Check Pods Manifest.lock */ = {
			isa = PBXShellScriptBuildPhase;
			buildActionMask = 2147483647;
			files = (
			);
			inputPaths = (
			);
			name = "Check Pods Manifest.lock";
			outputPaths = (
			);
			runOnlyForDeploymentPostprocessing = 0;
			shellPath = /bin/sh;
			shellScript = "diff \"${PODS_ROOT}/../Podfile.lock\" \"${PODS_ROOT}/Manifest.lock\" > /dev/null\nif [[ $? != 0 ]] ; then\n    cat << EOM\nerror: The sandbox is not in sync with the Podfile.lock. Run 'pod install' or update your CocoaPods installation.\nEOM\n    exit 1\nfi\n";
			showEnvVarsInLog = 0;
		};
		4F5E7B46CB5C2254277F9FDD /* Copy Pods Resources */ = {
			isa = PBXShellScriptBuildPhase;
			buildActionMask = 2147483647;
			files = (
			);
			inputPaths = (
			);
			name = "Copy Pods Resources";
			outputPaths = (
			);
			runOnlyForDeploymentPostprocessing = 0;
			shellPath = /bin/sh;
			shellScript = "\"${SRCROOT}/Pods/Target Support Files/Pods/Pods-resources.sh\"\n";
			showEnvVarsInLog = 0;
		};
		AEDFF687DE90880EF0FD1B15 /* Embed Pods Frameworks */ = {
			isa = PBXShellScriptBuildPhase;
			buildActionMask = 2147483647;
			files = (
			);
			inputPaths = (
			);
			name = "Embed Pods Frameworks";
			outputPaths = (
			);
			runOnlyForDeploymentPostprocessing = 0;
			shellPath = /bin/sh;
			shellScript = "\"${SRCROOT}/Pods/Target Support Files/Pods/Pods-frameworks.sh\"\n";
			showEnvVarsInLog = 0;
		};
/* End PBXShellScriptBuildPhase section */

/* Begin PBXSourcesBuildPhase section */
		DA99779F1BC2B7FE003D0F39 /* Sources */ = {
			isa = PBXSourcesBuildPhase;
			buildActionMask = 2147483647;
			files = (
				DA9977AE1BC2B7FE003D0F39 /* ViewController.m in Sources */,
				DA9977E11BC36208003D0F39 /* QXItemStore.m in Sources */,
				DA9977DB1BC2B8C7003D0F39 /* QXItemTableViewController.m in Sources */,
				DAF6F8611C16832F0088FC50 /* utils.m in Sources */,
				DAD355031BD64E36002E5AD4 /* QXSetTableViewController.m in Sources */,
				DA982FBD1BDDFF700002C4BE /* QXLeftSideTableViewCell.m in Sources */,
				DA982FB91BDC01830002C4BE /* QXLeftSideTableViewController.m in Sources */,
				DA9977EF1BC3A792003D0F39 /* QXDetailTableViewController.m in Sources */,
				DA9977AB1BC2B7FE003D0F39 /* AppDelegate.m in Sources */,
				DA9977A81BC2B7FE003D0F39 /* main.m in Sources */,
				DA9977DE1BC2C13D003D0F39 /* QXItem.m in Sources */,
				DAFF64791C10979300296463 /* logger.m in Sources */,
				DA4944D61BC95AFD00BE534B /* QXCycleTableViewController.m in Sources */,
				DAD354FB1BD5DF1B002E5AD4 /* QXItemTableViewCell.m in Sources */,
			);
			runOnlyForDeploymentPostprocessing = 0;
		};
		DA9977B81BC2B7FE003D0F39 /* Sources */ = {
			isa = PBXSourcesBuildPhase;
			buildActionMask = 2147483647;
			files = (
				DA9977C11BC2B7FE003D0F39 /* todoTests.m in Sources */,
			);
			runOnlyForDeploymentPostprocessing = 0;
		};
		DA9977C31BC2B7FE003D0F39 /* Sources */ = {
			isa = PBXSourcesBuildPhase;
			buildActionMask = 2147483647;
			files = (
				DA9977CC1BC2B7FE003D0F39 /* todoUITests.m in Sources */,
			);
			runOnlyForDeploymentPostprocessing = 0;
		};
/* End PBXSourcesBuildPhase section */

/* Begin PBXTargetDependency section */
		DA9977BE1BC2B7FE003D0F39 /* PBXTargetDependency */ = {
			isa = PBXTargetDependency;
			target = DA9977A21BC2B7FE003D0F39 /* todo */;
			targetProxy = DA9977BD1BC2B7FE003D0F39 /* PBXContainerItemProxy */;
		};
		DA9977C91BC2B7FE003D0F39 /* PBXTargetDependency */ = {
			isa = PBXTargetDependency;
			target = DA9977A21BC2B7FE003D0F39 /* todo */;
			targetProxy = DA9977C81BC2B7FE003D0F39 /* PBXContainerItemProxy */;
		};
/* End PBXTargetDependency section */

/* Begin PBXVariantGroup section */
		DA9977AF1BC2B7FE003D0F39 /* Main.storyboard */ = {
			isa = PBXVariantGroup;
			children = (
				DA9977B01BC2B7FE003D0F39 /* Base */,
			);
			name = Main.storyboard;
			sourceTree = "<group>";
		};
		DA9977B41BC2B7FE003D0F39 /* LaunchScreen.storyboard */ = {
			isa = PBXVariantGroup;
			children = (
				DA9977B51BC2B7FE003D0F39 /* Base */,
			);
			name = LaunchScreen.storyboard;
			sourceTree = "<group>";
		};
/* End PBXVariantGroup section */

/* Begin XCBuildConfiguration section */
		DA9977CE1BC2B7FE003D0F39 /* Debug */ = {
			isa = XCBuildConfiguration;
			buildSettings = {
				ALWAYS_SEARCH_USER_PATHS = NO;
				CLANG_CXX_LANGUAGE_STANDARD = "gnu++0x";
				CLANG_CXX_LIBRARY = "libc++";
				CLANG_ENABLE_MODULES = YES;
				CLANG_ENABLE_OBJC_ARC = YES;
				CLANG_WARN_BOOL_CONVERSION = YES;
				CLANG_WARN_CONSTANT_CONVERSION = YES;
				CLANG_WARN_DIRECT_OBJC_ISA_USAGE = YES_ERROR;
				CLANG_WARN_EMPTY_BODY = YES;
				CLANG_WARN_ENUM_CONVERSION = YES;
				CLANG_WARN_INT_CONVERSION = YES;
				CLANG_WARN_OBJC_ROOT_CLASS = YES_ERROR;
				CLANG_WARN_UNREACHABLE_CODE = YES;
				CLANG_WARN__DUPLICATE_METHOD_MATCH = YES;
				"CODE_SIGN_IDENTITY[sdk=iphoneos*]" = "iPhone Developer";
				COPY_PHASE_STRIP = NO;
				DEBUG_INFORMATION_FORMAT = dwarf;
				ENABLE_STRICT_OBJC_MSGSEND = YES;
				ENABLE_TESTABILITY = YES;
				GCC_C_LANGUAGE_STANDARD = gnu99;
				GCC_DYNAMIC_NO_PIC = NO;
				GCC_NO_COMMON_BLOCKS = YES;
				GCC_OPTIMIZATION_LEVEL = 0;
				GCC_PREPROCESSOR_DEFINITIONS = (
					"DEBUG=1",
					"$(inherited)",
				);
				GCC_WARN_64_TO_32_BIT_CONVERSION = YES;
				GCC_WARN_ABOUT_RETURN_TYPE = YES_ERROR;
				GCC_WARN_UNDECLARED_SELECTOR = YES;
				GCC_WARN_UNINITIALIZED_AUTOS = YES_AGGRESSIVE;
				GCC_WARN_UNUSED_FUNCTION = YES;
				GCC_WARN_UNUSED_VARIABLE = YES;
				IPHONEOS_DEPLOYMENT_TARGET = 9.0;
				MTL_ENABLE_DEBUG_INFO = YES;
				ONLY_ACTIVE_ARCH = YES;
				SDKROOT = iphoneos;
			};
			name = Debug;
		};
		DA9977CF1BC2B7FE003D0F39 /* Release */ = {
			isa = XCBuildConfiguration;
			buildSettings = {
				ALWAYS_SEARCH_USER_PATHS = NO;
				CLANG_CXX_LANGUAGE_STANDARD = "gnu++0x";
				CLANG_CXX_LIBRARY = "libc++";
				CLANG_ENABLE_MODULES = YES;
				CLANG_ENABLE_OBJC_ARC = YES;
				CLANG_WARN_BOOL_CONVERSION = YES;
				CLANG_WARN_CONSTANT_CONVERSION = YES;
				CLANG_WARN_DIRECT_OBJC_ISA_USAGE = YES_ERROR;
				CLANG_WARN_EMPTY_BODY = YES;
				CLANG_WARN_ENUM_CONVERSION = YES;
				CLANG_WARN_INT_CONVERSION = YES;
				CLANG_WARN_OBJC_ROOT_CLASS = YES_ERROR;
				CLANG_WARN_UNREACHABLE_CODE = YES;
				CLANG_WARN__DUPLICATE_METHOD_MATCH = YES;
				"CODE_SIGN_IDENTITY[sdk=iphoneos*]" = "iPhone Developer";
				COPY_PHASE_STRIP = NO;
				DEBUG_INFORMATION_FORMAT = "dwarf-with-dsym";
				ENABLE_NS_ASSERTIONS = NO;
				ENABLE_STRICT_OBJC_MSGSEND = YES;
				GCC_C_LANGUAGE_STANDARD = gnu99;
				GCC_NO_COMMON_BLOCKS = YES;
				GCC_WARN_64_TO_32_BIT_CONVERSION = YES;
				GCC_WARN_ABOUT_RETURN_TYPE = YES_ERROR;
				GCC_WARN_UNDECLARED_SELECTOR = YES;
				GCC_WARN_UNINITIALIZED_AUTOS = YES_AGGRESSIVE;
				GCC_WARN_UNUSED_FUNCTION = YES;
				GCC_WARN_UNUSED_VARIABLE = YES;
				IPHONEOS_DEPLOYMENT_TARGET = 9.0;
				MTL_ENABLE_DEBUG_INFO = NO;
				SDKROOT = iphoneos;
				VALIDATE_PRODUCT = YES;
			};
			name = Release;
		};
		DA9977D11BC2B7FE003D0F39 /* Debug */ = {
			isa = XCBuildConfiguration;
			baseConfigurationReference = BB0C438A05EB8639AA12998E /* Pods.debug.xcconfig */;
			buildSettings = {
				ASSETCATALOG_COMPILER_APPICON_NAME = AppIcon;
				CODE_SIGN_IDENTITY = "iPhone Developer";
				"CODE_SIGN_IDENTITY[sdk=iphoneos*]" = "iPhone Developer";
				INFOPLIST_FILE = todo/Info.plist;
				LD_RUNPATH_SEARCH_PATHS = "$(inherited) @executable_path/Frameworks";
				PRODUCT_BUNDLE_IDENTIFIER = com.qxli.todo;
				PRODUCT_NAME = "$(TARGET_NAME)";
				PROVISIONING_PROFILE = "";
			};
			name = Debug;
		};
		DA9977D21BC2B7FE003D0F39 /* Release */ = {
			isa = XCBuildConfiguration;
			baseConfigurationReference = 694061F9CF0916A2D7F283D1 /* Pods.release.xcconfig */;
			buildSettings = {
				ASSETCATALOG_COMPILER_APPICON_NAME = AppIcon;
				CODE_SIGN_IDENTITY = "iPhone Developer";
				"CODE_SIGN_IDENTITY[sdk=iphoneos*]" = "iPhone Developer";
				INFOPLIST_FILE = todo/Info.plist;
				LD_RUNPATH_SEARCH_PATHS = "$(inherited) @executable_path/Frameworks";
				PRODUCT_BUNDLE_IDENTIFIER = com.qxli.todo;
				PRODUCT_NAME = "$(TARGET_NAME)";
				PROVISIONING_PROFILE = "";
			};
			name = Release;
		};
		DA9977D41BC2B7FE003D0F39 /* Debug */ = {
			isa = XCBuildConfiguration;
			buildSettings = {
				BUNDLE_LOADER = "$(TEST_HOST)";
				INFOPLIST_FILE = todoTests/Info.plist;
				LD_RUNPATH_SEARCH_PATHS = "$(inherited) @executable_path/Frameworks @loader_path/Frameworks";
				PRODUCT_BUNDLE_IDENTIFIER = com.qxli.todoTests;
				PRODUCT_NAME = "$(TARGET_NAME)";
				TEST_HOST = "$(BUILT_PRODUCTS_DIR)/todo.app/todo";
			};
			name = Debug;
		};
		DA9977D51BC2B7FE003D0F39 /* Release */ = {
			isa = XCBuildConfiguration;
			buildSettings = {
				BUNDLE_LOADER = "$(TEST_HOST)";
				INFOPLIST_FILE = todoTests/Info.plist;
				LD_RUNPATH_SEARCH_PATHS = "$(inherited) @executable_path/Frameworks @loader_path/Frameworks";
				PRODUCT_BUNDLE_IDENTIFIER = com.qxli.todoTests;
				PRODUCT_NAME = "$(TARGET_NAME)";
				TEST_HOST = "$(BUILT_PRODUCTS_DIR)/todo.app/todo";
			};
			name = Release;
		};
		DA9977D71BC2B7FE003D0F39 /* Debug */ = {
			isa = XCBuildConfiguration;
			buildSettings = {
				INFOPLIST_FILE = todoUITests/Info.plist;
				LD_RUNPATH_SEARCH_PATHS = "$(inherited) @executable_path/Frameworks @loader_path/Frameworks";
				PRODUCT_BUNDLE_IDENTIFIER = com.qxli.todoUITests;
				PRODUCT_NAME = "$(TARGET_NAME)";
				TEST_TARGET_NAME = todo;
				USES_XCTRUNNER = YES;
			};
			name = Debug;
		};
		DA9977D81BC2B7FE003D0F39 /* Release */ = {
			isa = XCBuildConfiguration;
			buildSettings = {
				INFOPLIST_FILE = todoUITests/Info.plist;
				LD_RUNPATH_SEARCH_PATHS = "$(inherited) @executable_path/Frameworks @loader_path/Frameworks";
				PRODUCT_BUNDLE_IDENTIFIER = com.qxli.todoUITests;
				PRODUCT_NAME = "$(TARGET_NAME)";
				TEST_TARGET_NAME = todo;
				USES_XCTRUNNER = YES;
			};
			name = Release;
		};
/* End XCBuildConfiguration section */

/* Begin XCConfigurationList section */
		DA99779E1BC2B7FE003D0F39 /* Build configuration list for PBXProject "todo" */ = {
			isa = XCConfigurationList;
			buildConfigurations = (
				DA9977CE1BC2B7FE003D0F39 /* Debug */,
				DA9977CF1BC2B7FE003D0F39 /* Release */,
			);
			defaultConfigurationIsVisible = 0;
			defaultConfigurationName = Release;
		};
		DA9977D01BC2B7FE003D0F39 /* Build configuration list for PBXNativeTarget "todo" */ = {
			isa = XCConfigurationList;
			buildConfigurations = (
				DA9977D11BC2B7FE003D0F39 /* Debug */,
				DA9977D21BC2B7FE003D0F39 /* Release */,
			);
			defaultConfigurationIsVisible = 0;
			defaultConfigurationName = Release;
		};
		DA9977D31BC2B7FE003D0F39 /* Build configuration list for PBXNativeTarget "todoTests" */ = {
			isa = XCConfigurationList;
			buildConfigurations = (
				DA9977D41BC2B7FE003D0F39 /* Debug */,
				DA9977D51BC2B7FE003D0F39 /* Release */,
			);
			defaultConfigurationIsVisible = 0;
			defaultConfigurationName = Release;
		};
		DA9977D61BC2B7FE003D0F39 /* Build configuration list for PBXNativeTarget "todoUITests" */ = {
			isa = XCConfigurationList;
			buildConfigurations = (
				DA9977D71BC2B7FE003D0F39 /* Debug */,
				DA9977D81BC2B7FE003D0F39 /* Release */,
			);
			defaultConfigurationIsVisible = 0;
			defaultConfigurationName = Release;
		};
/* End XCConfigurationList section */
	};
	rootObject = DA99779B1BC2B7FE003D0F39 /* Project object */;
}
